{
  "version": 4,
  "terraform_version": "1.1.7",
  "serial": 257,
  "lineage": "6a0dda7c-229a-df73-3f7f-c7b46eea2337",
  "outputs": {},
  "resources": [
    {
      "mode": "managed",
      "type": "google_compute_firewall",
      "name": "vpc_network1_firewall",
      "provider": "provider[\"registry.terraform.io/hashicorp/google\"]",
      "instances": [
        {
          "schema_version": 1,
          "attributes": {
            "allow": [
              {
                "ports": [
                  "22",
                  "80",
                  "1000-2000"
                ],
                "protocol": "tcp"
              },
              {
                "ports": [],
                "protocol": "icmp"
              }
            ],
            "creation_timestamp": "2022-04-15T03:17:23.313-07:00",
            "deny": [],
            "description": "",
            "destination_ranges": [],
            "direction": "INGRESS",
            "disabled": false,
            "enable_logging": null,
            "id": "projects/gcp-poc-project-346311/global/firewalls/vpcnetwork1firewall",
            "log_config": [],
            "name": "vpcnetwork1firewall",
            "network": "https://www.googleapis.com/compute/v1/projects/gcp-poc-project-346311/global/networks/vpc-net-1",
            "priority": 1000,
            "project": "gcp-poc-project-346311",
            "self_link": "https://www.googleapis.com/compute/v1/projects/gcp-poc-project-346311/global/firewalls/vpcnetwork1firewall",
            "source_ranges": [
              "0.0.0.0/0"
            ],
            "source_service_accounts": null,
            "source_tags": null,
            "target_service_accounts": null,
            "target_tags": null,
            "timeouts": null
          },
          "sensitive_attributes": [],
          "private": "eyJlMmJmYjczMC1lY2FhLTExZTYtOGY4OC0zNDM2M2JjN2M0YzAiOnsiY3JlYXRlIjoxMjAwMDAwMDAwMDAwLCJkZWxldGUiOjEyMDAwMDAwMDAwMDAsInVwZGF0ZSI6MTIwMDAwMDAwMDAwMH0sInNjaGVtYV92ZXJzaW9uIjoiMSJ9",
          "dependencies": [
            "google_compute_network.vpc_network1"
          ]
        }
      ]
    },
    {
      "mode": "managed",
      "type": "google_compute_firewall",
      "name": "vpc_network2_firewall",
      "provider": "provider[\"registry.terraform.io/hashicorp/google\"]",
      "instances": [
        {
          "schema_version": 1,
          "attributes": {
            "allow": [
              {
                "ports": [
                  "22",
                  "80",
                  "1000-2000"
                ],
                "protocol": "tcp"
              },
              {
                "ports": [],
                "protocol": "icmp"
              }
            ],
            "creation_timestamp": "2022-04-15T03:17:12.303-07:00",
            "deny": [],
            "description": "",
            "destination_ranges": [],
            "direction": "INGRESS",
            "disabled": false,
            "enable_logging": null,
            "id": "projects/gcp-poc-project-346311/global/firewalls/firewallvpc2",
            "log_config": [],
            "name": "firewallvpc2",
            "network": "https://www.googleapis.com/compute/v1/projects/gcp-poc-project-346311/global/networks/vpc-net-2",
            "priority": 1000,
            "project": "gcp-poc-project-346311",
            "self_link": "https://www.googleapis.com/compute/v1/projects/gcp-poc-project-346311/global/firewalls/firewallvpc2",
            "source_ranges": [
              "0.0.0.0/0"
            ],
            "source_service_accounts": null,
            "source_tags": null,
            "target_service_accounts": null,
            "target_tags": null,
            "timeouts": null
          },
          "sensitive_attributes": [],
          "private": "eyJlMmJmYjczMC1lY2FhLTExZTYtOGY4OC0zNDM2M2JjN2M0YzAiOnsiY3JlYXRlIjoxMjAwMDAwMDAwMDAwLCJkZWxldGUiOjEyMDAwMDAwMDAwMDAsInVwZGF0ZSI6MTIwMDAwMDAwMDAwMH0sInNjaGVtYV92ZXJzaW9uIjoiMSJ9",
          "dependencies": [
            "google_compute_network.vpc_network2"
          ]
        }
      ]
    },
    {
      "mode": "managed",
      "type": "google_compute_network",
      "name": "vpc_network1",
      "provider": "provider[\"registry.terraform.io/hashicorp/google\"]",
      "instances": [
        {
          "schema_version": 0,
          "attributes": {
            "auto_create_subnetworks": false,
            "delete_default_routes_on_create": false,
            "description": "",
            "gateway_ipv4": "",
            "id": "projects/gcp-poc-project-346311/global/networks/vpc-net-1",
            "mtu": 0,
            "name": "vpc-net-1",
            "project": "gcp-poc-project-346311",
            "routing_mode": "REGIONAL",
            "self_link": "https://www.googleapis.com/compute/v1/projects/gcp-poc-project-346311/global/networks/vpc-net-1",
            "timeouts": null
          },
          "sensitive_attributes": [],
          "private": "eyJlMmJmYjczMC1lY2FhLTExZTYtOGY4OC0zNDM2M2JjN2M0YzAiOnsiY3JlYXRlIjoxMjAwMDAwMDAwMDAwLCJkZWxldGUiOjEyMDAwMDAwMDAwMDAsInVwZGF0ZSI6MTIwMDAwMDAwMDAwMH19"
        }
      ]
    },
    {
      "mode": "managed",
      "type": "google_compute_network",
      "name": "vpc_network2",
      "provider": "provider[\"registry.terraform.io/hashicorp/google\"]",
      "instances": [
        {
          "schema_version": 0,
          "attributes": {
            "auto_create_subnetworks": false,
            "delete_default_routes_on_create": false,
            "description": "",
            "gateway_ipv4": "",
            "id": "projects/gcp-poc-project-346311/global/networks/vpc-net-2",
            "mtu": 0,
            "name": "vpc-net-2",
            "project": "gcp-poc-project-346311",
            "routing_mode": "REGIONAL",
            "self_link": "https://www.googleapis.com/compute/v1/projects/gcp-poc-project-346311/global/networks/vpc-net-2",
            "timeouts": null
          },
          "sensitive_attributes": [],
          "private": "eyJlMmJmYjczMC1lY2FhLTExZTYtOGY4OC0zNDM2M2JjN2M0YzAiOnsiY3JlYXRlIjoxMjAwMDAwMDAwMDAwLCJkZWxldGUiOjEyMDAwMDAwMDAwMDAsInVwZGF0ZSI6MTIwMDAwMDAwMDAwMH19"
        }
      ]
    },
    {
      "mode": "managed",
      "type": "google_compute_network_peering",
      "name": "peering1",
      "provider": "provider[\"registry.terraform.io/hashicorp/google\"]",
      "instances": [
        {
          "schema_version": 0,
          "attributes": {
            "export_custom_routes": true,
            "export_subnet_routes_with_public_ip": true,
            "id": "vpc-net-1/peering1",
            "import_custom_routes": true,
            "import_subnet_routes_with_public_ip": false,
            "name": "peering1",
            "network": "https://www.googleapis.com/compute/v1/projects/gcp-poc-project-346311/global/networks/vpc-net-1",
            "peer_network": "https://www.googleapis.com/compute/v1/projects/gcp-poc-project-346311/global/networks/vpc-net-2",
            "state": "INACTIVE",
            "state_details": "[2022-04-15T03:17:23.446-07:00]: Waiting for peer network to connect.",
            "timeouts": null
          },
          "sensitive_attributes": [],
          "private": "eyJlMmJmYjczMC1lY2FhLTExZTYtOGY4OC0zNDM2M2JjN2M0YzAiOnsiY3JlYXRlIjoyNDAwMDAwMDAwMDAsImRlbGV0ZSI6MjQwMDAwMDAwMDAwLCJ1cGRhdGUiOjI0MDAwMDAwMDAwMH19",
          "dependencies": [
            "google_compute_network.vpc_network1",
            "google_compute_network.vpc_network2"
          ]
        }
      ]
    },
    {
      "mode": "managed",
      "type": "google_compute_network_peering",
      "name": "peering2",
      "provider": "provider[\"registry.terraform.io/hashicorp/google\"]",
      "instances": [
        {
          "schema_version": 0,
          "attributes": {
            "export_custom_routes": true,
            "export_subnet_routes_with_public_ip": true,
            "id": "vpc-net-2/peering2",
            "import_custom_routes": true,
            "import_subnet_routes_with_public_ip": false,
            "name": "peering2",
            "network": "https://www.googleapis.com/compute/v1/projects/gcp-poc-project-346311/global/networks/vpc-net-2",
            "peer_network": "https://www.googleapis.com/compute/v1/projects/gcp-poc-project-346311/global/networks/vpc-net-1",
            "state": "ACTIVE",
            "state_details": "[2022-04-15T03:17:26.133-07:00]: Connected.",
            "timeouts": null
          },
          "sensitive_attributes": [],
          "private": "eyJlMmJmYjczMC1lY2FhLTExZTYtOGY4OC0zNDM2M2JjN2M0YzAiOnsiY3JlYXRlIjoyNDAwMDAwMDAwMDAsImRlbGV0ZSI6MjQwMDAwMDAwMDAwLCJ1cGRhdGUiOjI0MDAwMDAwMDAwMH19",
          "dependencies": [
            "google_compute_network.vpc_network1",
            "google_compute_network.vpc_network2"
          ]
        }
      ]
    },
    {
      "mode": "managed",
      "type": "google_compute_route",
      "name": "routes1",
      "provider": "provider[\"registry.terraform.io/hashicorp/google\"]",
      "instances": [
        {
          "schema_version": 0,
          "attributes": {
            "description": "",
            "dest_range": "168.130.0.0/20",
            "id": "projects/gcp-poc-project-346311/global/routes/router1",
            "name": "router1",
            "network": "https://www.googleapis.com/compute/v1/projects/gcp-poc-project-346311/global/networks/vpc-net-1",
            "next_hop_gateway": "",
            "next_hop_ilb": "",
            "next_hop_instance": "projects/gcp-poc-project-346311/zones/us-central1-a/instances/vm1invpc2",
            "next_hop_instance_zone": "us-central1-a",
            "next_hop_ip": "",
            "next_hop_network": "",
            "next_hop_vpn_tunnel": "",
            "priority": 0,
            "project": "gcp-poc-project-346311",
            "self_link": "https://www.googleapis.com/compute/v1/projects/gcp-poc-project-346311/global/routes/router1",
            "tags": [
              "vm1"
            ],
            "timeouts": null
          },
          "sensitive_attributes": [],
          "private": "eyJlMmJmYjczMC1lY2FhLTExZTYtOGY4OC0zNDM2M2JjN2M0YzAiOnsiY3JlYXRlIjoxMjAwMDAwMDAwMDAwLCJkZWxldGUiOjEyMDAwMDAwMDAwMDB9fQ==",
          "dependencies": [
            "google_compute_network.vpc_network2",
            "google_compute_subnetwork.vpc2_subnet1",
            "google_service_account.service_account",
            "module.vm1_in_vpc2.google_compute_instance.vm_instance"
          ]
        }
      ]
    },
    {
      "mode": "managed",
      "type": "google_compute_subnetwork",
      "name": "vpc2_subnet1",
      "provider": "provider[\"registry.terraform.io/hashicorp/google\"]",
      "instances": [
        {
          "schema_version": 0,
          "attributes": {
            "creation_timestamp": "2022-04-15T03:17:12.638-07:00",
            "description": "",
            "external_ipv6_prefix": "",
            "fingerprint": null,
            "gateway_address": "168.192.1.1",
            "id": "projects/gcp-poc-project-346311/regions/us-central1/subnetworks/vpc2-subnet-1",
            "ip_cidr_range": "168.192.1.0/24",
            "ipv6_access_type": "",
            "ipv6_cidr_range": "",
            "log_config": [],
            "name": "vpc2-subnet-1",
            "network": "https://www.googleapis.com/compute/v1/projects/gcp-poc-project-346311/global/networks/vpc-net-2",
            "private_ip_google_access": false,
            "private_ipv6_google_access": "DISABLE_GOOGLE_ACCESS",
            "project": "gcp-poc-project-346311",
            "purpose": "PRIVATE",
            "region": "us-central1",
            "role": "",
            "secondary_ip_range": [],
            "self_link": "https://www.googleapis.com/compute/v1/projects/gcp-poc-project-346311/regions/us-central1/subnetworks/vpc2-subnet-1",
            "stack_type": "IPV4_ONLY",
            "timeouts": null
          },
          "sensitive_attributes": [],
          "private": "eyJlMmJmYjczMC1lY2FhLTExZTYtOGY4OC0zNDM2M2JjN2M0YzAiOnsiY3JlYXRlIjoxMjAwMDAwMDAwMDAwLCJkZWxldGUiOjEyMDAwMDAwMDAwMDAsInVwZGF0ZSI6MTIwMDAwMDAwMDAwMH19",
          "dependencies": [
            "google_compute_network.vpc_network2"
          ]
        }
      ]
    },
    {
      "mode": "managed",
      "type": "google_compute_subnetwork",
      "name": "vpc_subnet1",
      "provider": "provider[\"registry.terraform.io/hashicorp/google\"]",
      "instances": [
        {
          "schema_version": 0,
          "attributes": {
            "creation_timestamp": "2022-04-15T03:17:23.463-07:00",
            "description": "",
            "external_ipv6_prefix": "",
            "fingerprint": null,
            "gateway_address": "168.130.1.1",
            "id": "projects/gcp-poc-project-346311/regions/us-central1/subnetworks/subnet-1",
            "ip_cidr_range": "168.130.1.0/24",
            "ipv6_access_type": "",
            "ipv6_cidr_range": "",
            "log_config": [],
            "name": "subnet-1",
            "network": "https://www.googleapis.com/compute/v1/projects/gcp-poc-project-346311/global/networks/vpc-net-1",
            "private_ip_google_access": false,
            "private_ipv6_google_access": "DISABLE_GOOGLE_ACCESS",
            "project": "gcp-poc-project-346311",
            "purpose": "PRIVATE",
            "region": "us-central1",
            "role": "",
            "secondary_ip_range": [],
            "self_link": "https://www.googleapis.com/compute/v1/projects/gcp-poc-project-346311/regions/us-central1/subnetworks/subnet-1",
            "stack_type": "IPV4_ONLY",
            "timeouts": null
          },
          "sensitive_attributes": [],
          "private": "eyJlMmJmYjczMC1lY2FhLTExZTYtOGY4OC0zNDM2M2JjN2M0YzAiOnsiY3JlYXRlIjoxMjAwMDAwMDAwMDAwLCJkZWxldGUiOjEyMDAwMDAwMDAwMDAsInVwZGF0ZSI6MTIwMDAwMDAwMDAwMH19",
          "dependencies": [
            "google_compute_network.vpc_network1"
          ]
        }
      ]
    },
    {
      "mode": "managed",
      "type": "google_compute_subnetwork",
      "name": "vpc_subnet2",
      "provider": "provider[\"registry.terraform.io/hashicorp/google\"]",
      "instances": [
        {
          "schema_version": 0,
          "attributes": {
            "creation_timestamp": "2022-04-15T03:17:23.823-07:00",
            "description": "",
            "external_ipv6_prefix": "",
            "fingerprint": null,
            "gateway_address": "10.0.0.1",
            "id": "projects/gcp-poc-project-346311/regions/us-west2/subnetworks/subnet-2",
            "ip_cidr_range": "10.0.0.0/22",
            "ipv6_access_type": "",
            "ipv6_cidr_range": "",
            "log_config": [],
            "name": "subnet-2",
            "network": "https://www.googleapis.com/compute/v1/projects/gcp-poc-project-346311/global/networks/vpc-net-1",
            "private_ip_google_access": false,
            "private_ipv6_google_access": "DISABLE_GOOGLE_ACCESS",
            "project": "gcp-poc-project-346311",
            "purpose": "PRIVATE",
            "region": "us-west2",
            "role": "",
            "secondary_ip_range": [],
            "self_link": "https://www.googleapis.com/compute/v1/projects/gcp-poc-project-346311/regions/us-west2/subnetworks/subnet-2",
            "stack_type": "IPV4_ONLY",
            "timeouts": null
          },
          "sensitive_attributes": [],
          "private": "eyJlMmJmYjczMC1lY2FhLTExZTYtOGY4OC0zNDM2M2JjN2M0YzAiOnsiY3JlYXRlIjoxMjAwMDAwMDAwMDAwLCJkZWxldGUiOjEyMDAwMDAwMDAwMDAsInVwZGF0ZSI6MTIwMDAwMDAwMDAwMH19",
          "dependencies": [
            "google_compute_network.vpc_network1"
          ]
        }
      ]
    },
    {
      "mode": "managed",
      "type": "google_project_iam_member",
      "name": "firestore_owner_binding",
      "provider": "provider[\"registry.terraform.io/hashicorp/google\"]",
      "instances": [
        {
          "schema_version": 0,
          "attributes": {
            "condition": [],
            "etag": "BwXcrrauy4g=",
            "id": "gcp-poc-project-346311/roles/viewer/serviceAccount:serviceaccount@gcp-poc-project-346311.iam.gserviceaccount.com",
            "member": "serviceAccount:serviceaccount@gcp-poc-project-346311.iam.gserviceaccount.com",
            "project": "gcp-poc-project-346311",
            "role": "roles/viewer"
          },
          "sensitive_attributes": [],
          "private": "bnVsbA==",
          "dependencies": [
            "google_service_account.service_account"
          ]
        }
      ]
    },
    {
      "mode": "managed",
      "type": "google_project_iam_member",
      "name": "iamrole",
      "provider": "provider[\"registry.terraform.io/hashicorp/google\"]",
      "instances": [
        {
          "schema_version": 0,
          "attributes": {
            "condition": [],
            "etag": "BwXcrrauy4g=",
            "id": "gcp-poc-project-346311/roles/editor/user:purvachandge7@gmail.com",
            "member": "user:purvachandge7@gmail.com",
            "project": "gcp-poc-project-346311",
            "role": "roles/editor"
          },
          "sensitive_attributes": [],
          "private": "bnVsbA=="
        }
      ]
    },
    {
      "mode": "managed",
      "type": "google_service_account",
      "name": "service_account",
      "provider": "provider[\"registry.terraform.io/hashicorp/google\"]",
      "instances": [
        {
          "schema_version": 0,
          "attributes": {
            "account_id": "serviceaccount",
            "description": "",
            "disabled": false,
            "display_name": "Service_account",
            "email": "serviceaccount@gcp-poc-project-346311.iam.gserviceaccount.com",
            "id": "projects/gcp-poc-project-346311/serviceAccounts/serviceaccount@gcp-poc-project-346311.iam.gserviceaccount.com",
            "name": "projects/gcp-poc-project-346311/serviceAccounts/serviceaccount@gcp-poc-project-346311.iam.gserviceaccount.com",
            "project": "gcp-poc-project-346311",
            "timeouts": null,
            "unique_id": "105098015769438416378"
          },
          "sensitive_attributes": [],
          "private": "eyJlMmJmYjczMC1lY2FhLTExZTYtOGY4OC0zNDM2M2JjN2M0YzAiOnsiY3JlYXRlIjozMDAwMDAwMDAwMDB9fQ=="
        }
      ]
    },
    {
      "module": "module.vm1_in_vpc1",
      "mode": "managed",
      "type": "google_compute_instance",
      "name": "vm_instance",
      "provider": "provider[\"registry.terraform.io/hashicorp/google\"]",
      "instances": [
        {
          "schema_version": 6,
          "attributes": {
            "advanced_machine_features": [],
            "allow_stopping_for_update": null,
            "attached_disk": [],
            "boot_disk": [
              {
                "auto_delete": true,
                "device_name": "persistent-disk-0",
                "disk_encryption_key_raw": "",
                "disk_encryption_key_sha256": "",
                "initialize_params": [
                  {
                    "image": "https://www.googleapis.com/compute/v1/projects/debian-cloud/global/images/debian-9-stretch-v20220406",
                    "labels": {},
                    "size": 10,
                    "type": "pd-standard"
                  }
                ],
                "kms_key_self_link": "",
                "mode": "READ_WRITE",
                "source": "https://www.googleapis.com/compute/v1/projects/gcp-poc-project-346311/zones/us-central1-a/disks/vm1invpc1"
              }
            ],
            "can_ip_forward": true,
            "confidential_instance_config": [],
            "cpu_platform": "Intel Broadwell",
            "current_status": "RUNNING",
            "deletion_protection": false,
            "description": "",
            "desired_status": null,
            "enable_display": false,
            "guest_accelerator": [],
            "hostname": "",
            "id": "projects/gcp-poc-project-346311/zones/us-central1-a/instances/vm1invpc1",
            "instance_id": "409440785981044899",
            "label_fingerprint": "42WmSpB8rSM=",
            "labels": null,
            "machine_type": "e2-micro",
            "metadata": null,
            "metadata_fingerprint": "im0NbaS1bp8=",
            "metadata_startup_script": "sudo apt-get update \u0026\u0026 sudo apt-get install apache2 -y \u0026\u0026 echo '\u003c!doctype html\u003e\u003chtml\u003e\u003cbody\u003e\u003ch1\u003eHello World!\u003c/h1\u003e\u003c/body\u003e\u003c/html\u003e' | sudo tee /var/www/html/index.html",
            "min_cpu_platform": "",
            "name": "vm1invpc1",
            "network_interface": [
              {
                "access_config": [
                  {
                    "nat_ip": "35.226.204.112",
                    "network_tier": "PREMIUM",
                    "public_ptr_domain_name": ""
                  }
                ],
                "alias_ip_range": [],
                "ipv6_access_config": [],
                "ipv6_access_type": "",
                "name": "nic0",
                "network": "https://www.googleapis.com/compute/v1/projects/gcp-poc-project-346311/global/networks/vpc-net-1",
                "network_ip": "168.130.1.2",
                "nic_type": "",
                "queue_count": 0,
                "stack_type": "IPV4_ONLY",
                "subnetwork": "https://www.googleapis.com/compute/v1/projects/gcp-poc-project-346311/regions/us-central1/subnetworks/subnet-1",
                "subnetwork_project": "gcp-poc-project-346311"
              }
            ],
            "project": "gcp-poc-project-346311",
            "reservation_affinity": [],
            "resource_policies": null,
            "scheduling": [
              {
                "automatic_restart": true,
                "min_node_cpus": 0,
                "node_affinities": [],
                "on_host_maintenance": "MIGRATE",
                "preemptible": false
              }
            ],
            "scratch_disk": [],
            "self_link": "https://www.googleapis.com/compute/v1/projects/gcp-poc-project-346311/zones/us-central1-a/instances/vm1invpc1",
            "service_account": [
              {
                "email": "serviceaccount@gcp-poc-project-346311.iam.gserviceaccount.com",
                "scopes": [
                  "https://www.googleapis.com/auth/cloud-platform"
                ]
              }
            ],
            "shielded_instance_config": [],
            "tags": [
              "http-server",
              "vm3"
            ],
            "tags_fingerprint": "GZTSe6ndGIw=",
            "timeouts": null,
            "zone": "us-central1-a"
          },
          "sensitive_attributes": [],
          "private": "eyJlMmJmYjczMC1lY2FhLTExZTYtOGY4OC0zNDM2M2JjN2M0YzAiOnsiY3JlYXRlIjoxMjAwMDAwMDAwMDAwLCJkZWxldGUiOjEyMDAwMDAwMDAwMDAsInVwZGF0ZSI6MTIwMDAwMDAwMDAwMH0sInNjaGVtYV92ZXJzaW9uIjoiNiJ9",
          "dependencies": [
            "google_compute_network.vpc_network1",
            "google_compute_subnetwork.vpc_subnet1",
            "google_service_account.service_account"
          ]
        }
      ]
    },
    {
      "module": "module.vm1_in_vpc2",
      "mode": "managed",
      "type": "google_compute_instance",
      "name": "vm_instance",
      "provider": "provider[\"registry.terraform.io/hashicorp/google\"]",
      "instances": [
        {
          "schema_version": 6,
          "attributes": {
            "advanced_machine_features": [],
            "allow_stopping_for_update": null,
            "attached_disk": [],
            "boot_disk": [
              {
                "auto_delete": true,
                "device_name": "persistent-disk-0",
                "disk_encryption_key_raw": "",
                "disk_encryption_key_sha256": "",
                "initialize_params": [
                  {
                    "image": "https://www.googleapis.com/compute/v1/projects/debian-cloud/global/images/debian-9-stretch-v20220406",
                    "labels": {},
                    "size": 10,
                    "type": "pd-standard"
                  }
                ],
                "kms_key_self_link": "",
                "mode": "READ_WRITE",
                "source": "https://www.googleapis.com/compute/v1/projects/gcp-poc-project-346311/zones/us-central1-a/disks/vm1invpc2"
              }
            ],
            "can_ip_forward": true,
            "confidential_instance_config": [],
            "cpu_platform": "Intel Broadwell",
            "current_status": "RUNNING",
            "deletion_protection": false,
            "description": "",
            "desired_status": null,
            "enable_display": false,
            "guest_accelerator": [],
            "hostname": "",
            "id": "projects/gcp-poc-project-346311/zones/us-central1-a/instances/vm1invpc2",
            "instance_id": "6807551007308183726",
            "label_fingerprint": "42WmSpB8rSM=",
            "labels": null,
            "machine_type": "e2-micro",
            "metadata": null,
            "metadata_fingerprint": "im0NbaS1bp8=",
            "metadata_startup_script": "sudo apt-get update \u0026\u0026 sudo apt-get install apache2 -y \u0026\u0026 echo '\u003c!doctype html\u003e\u003chtml\u003e\u003cbody\u003e\u003ch1\u003eHello World!\u003c/h1\u003e\u003c/body\u003e\u003c/html\u003e' | sudo tee /var/www/html/index.html",
            "min_cpu_platform": "",
            "name": "vm1invpc2",
            "network_interface": [
              {
                "access_config": [
                  {
                    "nat_ip": "34.70.199.31",
                    "network_tier": "PREMIUM",
                    "public_ptr_domain_name": ""
                  }
                ],
                "alias_ip_range": [],
                "ipv6_access_config": [],
                "ipv6_access_type": "",
                "name": "nic0",
                "network": "https://www.googleapis.com/compute/v1/projects/gcp-poc-project-346311/global/networks/vpc-net-2",
                "network_ip": "168.192.1.2",
                "nic_type": "",
                "queue_count": 0,
                "stack_type": "IPV4_ONLY",
                "subnetwork": "https://www.googleapis.com/compute/v1/projects/gcp-poc-project-346311/regions/us-central1/subnetworks/vpc2-subnet-1",
                "subnetwork_project": "gcp-poc-project-346311"
              }
            ],
            "project": "gcp-poc-project-346311",
            "reservation_affinity": [],
            "resource_policies": null,
            "scheduling": [
              {
                "automatic_restart": true,
                "min_node_cpus": 0,
                "node_affinities": [],
                "on_host_maintenance": "MIGRATE",
                "preemptible": false
              }
            ],
            "scratch_disk": [],
            "self_link": "https://www.googleapis.com/compute/v1/projects/gcp-poc-project-346311/zones/us-central1-a/instances/vm1invpc2",
            "service_account": [
              {
                "email": "serviceaccount@gcp-poc-project-346311.iam.gserviceaccount.com",
                "scopes": [
                  "https://www.googleapis.com/auth/cloud-platform"
                ]
              }
            ],
            "shielded_instance_config": [],
            "tags": [
              "http-server",
              "vm3"
            ],
            "tags_fingerprint": "GZTSe6ndGIw=",
            "timeouts": null,
            "zone": "us-central1-a"
          },
          "sensitive_attributes": [],
          "private": "eyJlMmJmYjczMC1lY2FhLTExZTYtOGY4OC0zNDM2M2JjN2M0YzAiOnsiY3JlYXRlIjoxMjAwMDAwMDAwMDAwLCJkZWxldGUiOjEyMDAwMDAwMDAwMDAsInVwZGF0ZSI6MTIwMDAwMDAwMDAwMH0sInNjaGVtYV92ZXJzaW9uIjoiNiJ9",
          "dependencies": [
            "google_compute_network.vpc_network2",
            "google_compute_subnetwork.vpc2_subnet1",
            "google_service_account.service_account"
          ]
        }
      ]
    },
    {
      "module": "module.vm2_in_vpc1",
      "mode": "managed",
      "type": "google_compute_instance",
      "name": "vm_instance",
      "provider": "provider[\"registry.terraform.io/hashicorp/google\"]",
      "instances": [
        {
          "schema_version": 6,
          "attributes": {
            "advanced_machine_features": [],
            "allow_stopping_for_update": null,
            "attached_disk": [],
            "boot_disk": [
              {
                "auto_delete": true,
                "device_name": "persistent-disk-0",
                "disk_encryption_key_raw": "",
                "disk_encryption_key_sha256": "",
                "initialize_params": [
                  {
                    "image": "https://www.googleapis.com/compute/v1/projects/debian-cloud/global/images/debian-9-stretch-v20220406",
                    "labels": {},
                    "size": 10,
                    "type": "pd-standard"
                  }
                ],
                "kms_key_self_link": "",
                "mode": "READ_WRITE",
                "source": "https://www.googleapis.com/compute/v1/projects/gcp-poc-project-346311/zones/us-west2-a/disks/vm2invpc1"
              }
            ],
            "can_ip_forward": true,
            "confidential_instance_config": [],
            "cpu_platform": "Intel Broadwell",
            "current_status": "RUNNING",
            "deletion_protection": false,
            "description": "",
            "desired_status": null,
            "enable_display": false,
            "guest_accelerator": [],
            "hostname": "",
            "id": "projects/gcp-poc-project-346311/zones/us-west2-a/instances/vm2invpc1",
            "instance_id": "4562883162911602872",
            "label_fingerprint": "42WmSpB8rSM=",
            "labels": null,
            "machine_type": "e2-micro",
            "metadata": null,
            "metadata_fingerprint": "im0NbaS1bp8=",
            "metadata_startup_script": "sudo apt-get update \u0026\u0026 sudo apt-get install apache2 -y \u0026\u0026 echo '\u003c!doctype html\u003e\u003chtml\u003e\u003cbody\u003e\u003ch1\u003eHello World!\u003c/h1\u003e\u003c/body\u003e\u003c/html\u003e' | sudo tee /var/www/html/index.html",
            "min_cpu_platform": "",
            "name": "vm2invpc1",
            "network_interface": [
              {
                "access_config": [
                  {
                    "nat_ip": "34.102.23.135",
                    "network_tier": "PREMIUM",
                    "public_ptr_domain_name": ""
                  }
                ],
                "alias_ip_range": [],
                "ipv6_access_config": [],
                "ipv6_access_type": "",
                "name": "nic0",
                "network": "https://www.googleapis.com/compute/v1/projects/gcp-poc-project-346311/global/networks/vpc-net-1",
                "network_ip": "10.0.0.2",
                "nic_type": "",
                "queue_count": 0,
                "stack_type": "IPV4_ONLY",
                "subnetwork": "https://www.googleapis.com/compute/v1/projects/gcp-poc-project-346311/regions/us-west2/subnetworks/subnet-2",
                "subnetwork_project": "gcp-poc-project-346311"
              }
            ],
            "project": "gcp-poc-project-346311",
            "reservation_affinity": [],
            "resource_policies": null,
            "scheduling": [
              {
                "automatic_restart": true,
                "min_node_cpus": 0,
                "node_affinities": [],
                "on_host_maintenance": "MIGRATE",
                "preemptible": false
              }
            ],
            "scratch_disk": [],
            "self_link": "https://www.googleapis.com/compute/v1/projects/gcp-poc-project-346311/zones/us-west2-a/instances/vm2invpc1",
            "service_account": [
              {
                "email": "serviceaccount@gcp-poc-project-346311.iam.gserviceaccount.com",
                "scopes": [
                  "https://www.googleapis.com/auth/cloud-platform"
                ]
              }
            ],
            "shielded_instance_config": [],
            "tags": [
              "http-server",
              "vm3"
            ],
            "tags_fingerprint": "GZTSe6ndGIw=",
            "timeouts": null,
            "zone": "us-west2-a"
          },
          "sensitive_attributes": [],
          "private": "eyJlMmJmYjczMC1lY2FhLTExZTYtOGY4OC0zNDM2M2JjN2M0YzAiOnsiY3JlYXRlIjoxMjAwMDAwMDAwMDAwLCJkZWxldGUiOjEyMDAwMDAwMDAwMDAsInVwZGF0ZSI6MTIwMDAwMDAwMDAwMH0sInNjaGVtYV92ZXJzaW9uIjoiNiJ9",
          "dependencies": [
            "google_compute_network.vpc_network1",
            "google_compute_subnetwork.vpc_subnet2",
            "google_service_account.service_account"
          ]
        }
      ]
    }
  ]
}
